
Microsoft Visual Studio Solution File, Format Version 12.00
# Visual Studio Version 16
VisualStudioVersion = 16.0.30907.101
MinimumVisualStudioVersion = 10.0.40219.1
Project("{9A19103F-16F7-4668-BE54-9A1E7A4F7556}") = "dotnet-tidy", "src\dotnet-tidy\dotnet-tidy.csproj", "{35ECDEAA-FE84-48DB-8DB9-27A1653CEFC7}"
EndProject
Project("{2150E333-8FDC-42A3-9474-1A3956D46DE8}") = "src", "src", "{99F34C8E-B37A-4075-B834-17C10BEB1406}"
EndProject
Global
	GlobalSection(SolutionConfigurationPlatforms) = preSolution
		Debug|Any CPU = Debug|Any CPU
		Release|Any CPU = Release|Any CPU
	EndGlobalSection
	GlobalSection(ProjectConfigurationPlatforms) = postSolution
		{35ECDEAA-FE84-48DB-8DB9-27A1653CEFC7}.Debug|Any CPU.ActiveCfg = Debug|Any CPU
		{35ECDEAA-FE84-48DB-8DB9-27A1653CEFC7}.Debug|Any CPU.Build.0 = Debug|Any CPU
		{35ECDEAA-FE84-48DB-8DB9-27A1653CEFC7}.Release|Any CPU.ActiveCfg = Release|Any CPU
		{35ECDEAA-FE84-48DB-8DB9-27A1653CEFC7}.Release|Any CPU.Build.0 = Release|Any CPU
	EndGlobalSection
	GlobalSection(SolutionProperties) = preSolution
		HideSolutionNode = FALSE
	EndGlobalSection
	GlobalSection(NestedProjects) = preSolution
		{35ECDEAA-FE84-48DB-8DB9-27A1653CEFC7} = {99F34C8E-B37A-4075-B834-17C10BEB1406}
	EndGlobalSection
	GlobalSection(ExtensibilityGlobals) = postSolution
		SolutionGuid = {35500863-FF48-41E7-B457-8B6EB4717AFC}
	EndGlobalSection
EndGlobal
